
Microsoft Visual Studio Solution File, Format Version 10.00
# Visual Studio 2008
Project("{FAE04EC0-301F-11D3-BF4B-00C04F79EFBC}") = "Utilities", "src\Utilities\Utilities.csproj", "{1142ADBF-0C06-45B7-BBA8-2CE293D502A7}"
EndProject
Project("{FAE04EC0-301F-11D3-BF4B-00C04F79EFBC}") = "TestUtilities", "src\TestUtilities\TestUtilities.csproj", "{716D822A-FFF2-4909-A001-16F7A7746118}"
EndProject
Project("{FAE04EC0-301F-11D3-BF4B-00C04F79EFBC}") = "Snacks.Tests", "src\Snacks.Tests\Snacks.Tests.csproj", "{2BFCA31C-E4A0-4CD3-8045-33F7057A83DC}"
EndProject
Project("{FAE04EC0-301F-11D3-BF4B-00C04F79EFBC}") = "Snacks", "src\Snacks\Snacks.csproj", "{1F5EDB37-0E15-40BC-AC17-AE8A2641C9B3}"
EndProject
Project("{FAE04EC0-301F-11D3-BF4B-00C04F79EFBC}") = "Snacks.UI.Win", "src\Snacks.UI.Win\Snacks.UI.Win.csproj", "{0AF2E83C-B5BC-4762-809D-5A58DEE679B3}"
EndProject
Global
	GlobalSection(SolutionConfigurationPlatforms) = preSolution
		Debug|Any CPU = Debug|Any CPU
		Release|Any CPU = Release|Any CPU
	EndGlobalSection
	GlobalSection(ProjectConfigurationPlatforms) = postSolution
		{1142ADBF-0C06-45B7-BBA8-2CE293D502A7}.Debug|Any CPU.ActiveCfg = Debug|Any CPU
		{1142ADBF-0C06-45B7-BBA8-2CE293D502A7}.Debug|Any CPU.Build.0 = Debug|Any CPU
		{1142ADBF-0C06-45B7-BBA8-2CE293D502A7}.Release|Any CPU.ActiveCfg = Release|Any CPU
		{1142ADBF-0C06-45B7-BBA8-2CE293D502A7}.Release|Any CPU.Build.0 = Release|Any CPU
		{716D822A-FFF2-4909-A001-16F7A7746118}.Debug|Any CPU.ActiveCfg = Debug|Any CPU
		{716D822A-FFF2-4909-A001-16F7A7746118}.Debug|Any CPU.Build.0 = Debug|Any CPU
		{716D822A-FFF2-4909-A001-16F7A7746118}.Release|Any CPU.ActiveCfg = Release|Any CPU
		{716D822A-FFF2-4909-A001-16F7A7746118}.Release|Any CPU.Build.0 = Release|Any CPU
		{2BFCA31C-E4A0-4CD3-8045-33F7057A83DC}.Debug|Any CPU.ActiveCfg = Debug|Any CPU
		{2BFCA31C-E4A0-4CD3-8045-33F7057A83DC}.Debug|Any CPU.Build.0 = Debug|Any CPU
		{2BFCA31C-E4A0-4CD3-8045-33F7057A83DC}.Release|Any CPU.ActiveCfg = Release|Any CPU
		{2BFCA31C-E4A0-4CD3-8045-33F7057A83DC}.Release|Any CPU.Build.0 = Release|Any CPU
		{1F5EDB37-0E15-40BC-AC17-AE8A2641C9B3}.Debug|Any CPU.ActiveCfg = Debug|Any CPU
		{1F5EDB37-0E15-40BC-AC17-AE8A2641C9B3}.Debug|Any CPU.Build.0 = Debug|Any CPU
		{1F5EDB37-0E15-40BC-AC17-AE8A2641C9B3}.Release|Any CPU.ActiveCfg = Release|Any CPU
		{1F5EDB37-0E15-40BC-AC17-AE8A2641C9B3}.Release|Any CPU.Build.0 = Release|Any CPU
		{0AF2E83C-B5BC-4762-809D-5A58DEE679B3}.Debug|Any CPU.ActiveCfg = Debug|Any CPU
		{0AF2E83C-B5BC-4762-809D-5A58DEE679B3}.Debug|Any CPU.Build.0 = Debug|Any CPU
		{0AF2E83C-B5BC-4762-809D-5A58DEE679B3}.Release|Any CPU.ActiveCfg = Release|Any CPU
		{0AF2E83C-B5BC-4762-809D-5A58DEE679B3}.Release|Any CPU.Build.0 = Release|Any CPU
	EndGlobalSection
	GlobalSection(SolutionProperties) = preSolution
		HideSolutionNode = FALSE
	EndGlobalSection
EndGlobal
